<Solution>
  <Project Path="CityWebsiteAuditDashboard.Contracts/CityWebsiteAuditDashboard.Contracts.csproj" />
  <Project Path="CityWebsiteAuditDashboard.Agent/CityWebsiteAuditDashboard.Agent.csproj" />
  <Project Path="CityWebsiteAuditDashboard.csproj" />
  <Project Path="CityWebsiteAuditDashboard.PlaywrightSpike/CityWebsiteAuditDashboard.PlaywrightSpike.csproj" />
</Solution>